{
  "name": "@mangar2/brokercli",
  "version": "1.0.0",
  "lockfileVersion": 1,
  "requires": true,
  "dependencies": {
    "@mangar2/broker": {
      "version": "1.2.7",
      "resolved": "https://registry.npmjs.org/@mangar2/broker/-/broker-1.2.7.tgz",
      "integrity": "sha512-cxWu6cxwCTRun2+GyzO5fR+80RQdRfIp9BGFxWhIZU0Q3jNjQqgbeyLlioWX02XNh02+Cmur/t4FtqpJvXY9qw==",
      "requires": {
        "@mangar2/callbacks": "^1.1.0",
        "@mangar2/checkinput": "^2.6.0",
        "@mangar2/config": "^2.2.0",
        "@mangar2/configuration": "^1.1.3",
        "@mangar2/connect": "^1.3.1",
        "@mangar2/httpservice": "^1.1.0",
        "@mangar2/mqtt": "^1.2.3",
        "@mangar2/shutdown": "^1.0.2"
      }
    },
    "@mangar2/callbacks": {
      "version": "1.1.0",
      "resolved": "https://registry.npmjs.org/@mangar2/callbacks/-/callbacks-1.1.0.tgz",
      "integrity": "sha512-8vEotCBjJzdfVe/TNq0fP8hXZ1zS7SlvSn8lj6vpP2b+hmyKq5syQwh9lMKnIMgVHCZIXUhmK8n/S1PBQUHFZQ=="
    },
    "@mangar2/checkinput": {
      "version": "2.6.0",
      "resolved": "https://registry.npmjs.org/@mangar2/checkinput/-/checkinput-2.6.0.tgz",
      "integrity": "sha512-2zwa+E5wz/MfxqD30ZIqyH7YP8aASU50p9yt8GBh4lJ05PVh+7z9s1vEt9mAbcHeMBBTzr2TZHVX1n1gw21TDQ==",
      "requires": {
        "@mangar2/types": "^1.3.0"
      }
    },
    "@mangar2/config": {
      "version": "2.2.0",
      "resolved": "https://registry.npmjs.org/@mangar2/config/-/config-2.2.0.tgz",
      "integrity": "sha512-1msVGtszcyWyphW6zhwuJp5v1JKVCBZftA7ok+ZYfx83euJv4qKQwpwqabhbYmPbR4DEgfFfJn5NexL3Ahnu7w==",
      "requires": {
        "@mangar2/types": "^1.3.0",
        "fs": "^0.0.1-security"
      }
    },
    "@mangar2/configuration": {
      "version": "1.1.3",
      "resolved": "https://registry.npmjs.org/@mangar2/configuration/-/configuration-1.1.3.tgz",
      "integrity": "sha512-kBKavmvDTgKg4omWs38c9XhTQinGAsMR062/RPyHQfJ5vNEcqHwXlx3uKHAgAC8jwl8e2dlaWqX4sahDBACLZg==",
      "requires": {
        "@mangar2/checkinput": "^2.6.0",
        "@mangar2/types": "^1.3.0"
      }
    },
    "@mangar2/connect": {
      "version": "1.3.1",
      "resolved": "https://registry.npmjs.org/@mangar2/connect/-/connect-1.3.1.tgz",
      "integrity": "sha512-xjYMtwh+CboeRmwbf+ypK88g49HiYMdVd++fUh169wXL9ZtZZiGEXQGv1TvjJO6LUneQaJs1yNsmks5N3f3qOw==",
      "requires": {
        "@mangar2/callbacks": "^1.1.0",
        "@mangar2/httpservice": "^1.1.0",
        "@mangar2/mqttversion": "^1.2.1"
      }
    },
    "@mangar2/connections": {
      "version": "1.4.0",
      "resolved": "https://registry.npmjs.org/@mangar2/connections/-/connections-1.4.0.tgz",
      "integrity": "sha512-vzgxbG3ZoLlKjZsTKxSmFee+ltvzS/JB7mpzsdL+SnzMK2s4tdqhXUMF4rLZnCg93h6KfPCLMdwcdPIF+0q6WA==",
      "requires": {
        "@mangar2/checkinput": "^2.6.0",
        "@mangar2/configuration": "^1.1.3",
        "@mangar2/errorlog": "^1.0.2",
        "@mangar2/message": "^1.4.0",
        "@mangar2/mqttversion": "^1.2.1",
        "@mangar2/persist": "^1.0.4",
        "@mangar2/topicmatch": "^1.1.2"
      }
    },
    "@mangar2/errorlog": {
      "version": "1.0.2",
      "resolved": "https://registry.npmjs.org/@mangar2/errorlog/-/errorlog-1.0.2.tgz",
      "integrity": "sha512-cwlJRd1TztkLW+d1UY//zgso5NawoTgDtZUJ7T2KkbNWARCvjrwXx1Rcgkqb9NStBN+8sipX9Duh0zLkIT+zvA=="
    },
    "@mangar2/httpservice": {
      "version": "1.1.0",
      "resolved": "https://registry.npmjs.org/@mangar2/httpservice/-/httpservice-1.1.0.tgz",
      "integrity": "sha512-QIMWai3u0YBr9QgOxhAGTbJ9GSiS6yee+XwOUGIuxAUVrud6/QtCpkhGVZEPXg7EJRHc8+/WLo38cfGayJL2qA==",
      "requires": {
        "@mangar2/callbacks": "^1.1.0",
        "@mangar2/errorlog": "^1.0.2"
      }
    },
    "@mangar2/logfilter": {
      "version": "1.2.0",
      "resolved": "https://registry.npmjs.org/@mangar2/logfilter/-/logfilter-1.2.0.tgz",
      "integrity": "sha512-Y3pzRqUvgl7AaZ9CH3JZ5YNqVmH6q2+s2ZXsE9zvXuBxAsOXs6I39OtiibdHyxwaqTM3nUU+9fnLiaQUcqfXXQ==",
      "requires": {
        "@mangar2/checkinput": "^2.6.0",
        "@mangar2/topicmatch": "^1.1.2"
      }
    },
    "@mangar2/message": {
      "version": "1.4.0",
      "resolved": "https://registry.npmjs.org/@mangar2/message/-/message-1.4.0.tgz",
      "integrity": "sha512-orOeiXvLLwT0ZqQGbTNQXjGTSjaiALz561uXSYDmjhgU+f+c/9IhltMk/T2NOKHqRtxaVz1d9MML2uyu/UEn8A==",
      "requires": {
        "@mangar2/checkinput": "^2.6.0"
      }
    },
    "@mangar2/mqtt": {
      "version": "1.2.3",
      "resolved": "https://registry.npmjs.org/@mangar2/mqtt/-/mqtt-1.2.3.tgz",
      "integrity": "sha512-We4Xtv157D32X65W8ls5H+0ud/oJjIIUC2l6YYn1BMU5+NVXwxGu3v8uGRzjgrUjdgW3reH0foQCqzS5Q5qgtw==",
      "requires": {
        "@mangar2/callbacks": "^1.1.0",
        "@mangar2/checkinput": "^2.6.0",
        "@mangar2/connections": "^1.4.0",
        "@mangar2/logfilter": "^1.2.0"
      }
    },
    "@mangar2/mqttversion": {
      "version": "1.2.1",
      "resolved": "https://registry.npmjs.org/@mangar2/mqttversion/-/mqttversion-1.2.1.tgz",
      "integrity": "sha512-T6CQ8oiFkT21MXor3o9blgMFLBn1pB9mRcji7okhk1RmoLjHQ8XV0UeXpuCOPiWwb6OFPHoNSo2U/CJ8S06rzQ=="
    },
    "@mangar2/persist": {
      "version": "1.0.4",
      "resolved": "https://registry.npmjs.org/@mangar2/persist/-/persist-1.0.4.tgz",
      "integrity": "sha512-h6Q3PfbI/XxiiMCEcmvvS0hCRnnlBx1pbe9Ko1W2KC3hkh1bKmaaTeJFhSn9f75fMz7DIsLnVA3/Qd3qihPknQ==",
      "requires": {
        "@mangar2/errorlog": "^1.0.2",
        "fs": "0.0.1-security"
      }
    },
    "@mangar2/retry": {
      "version": "1.0.0",
      "resolved": "https://registry.npmjs.org/@mangar2/retry/-/retry-1.0.0.tgz",
      "integrity": "sha512-K5sBanPCYbpFZRU7YJbDeTBFYZZ3Ax6ApaD1HfTsgAEzycS5nB1TiqyteZmsA9uVl3Pi9fJw2UBlX6bKmlS7Cg==",
      "requires": {
        "@mangar2/callbacks": "^1.1.0"
      }
    },
    "@mangar2/shutdown": {
      "version": "1.0.2",
      "resolved": "https://registry.npmjs.org/@mangar2/shutdown/-/shutdown-1.0.2.tgz",
      "integrity": "sha512-OfnZqdSz2aZitspPd7qwbU+2QribAB2uxjIVRsdbKyG2UWVZVtgXMWWp9m1sUbfS49n2pHl6kUeT+4KzxtNWRA=="
    },
    "@mangar2/topicmatch": {
      "version": "1.1.2",
      "resolved": "https://registry.npmjs.org/@mangar2/topicmatch/-/topicmatch-1.1.2.tgz",
      "integrity": "sha512-JHEa0Iue+P3Cn3KEoMFbaiUzERG5MD6+Vav2wDIjk0JtYGvA1idyHwx8Z5ZnTLvdm2uxBYaIf12wJsjx7mR6gw==",
      "requires": {
        "@mangar2/types": "^1.3.0"
      }
    },
    "@mangar2/types": {
      "version": "1.3.0",
      "resolved": "https://registry.npmjs.org/@mangar2/types/-/types-1.3.0.tgz",
      "integrity": "sha512-FfbkI2lL5zdSe0LKAsCerEbuac3CKK8yxMWGY0snhf6ssr2UggBdLEZ0XwNQAxuCmCxQ89Dk67jPrwPVMLtAFQ=="
    },
    "@mangar2/utils": {
      "version": "1.1.0",
      "resolved": "https://registry.npmjs.org/@mangar2/utils/-/utils-1.1.0.tgz",
      "integrity": "sha512-Z48sJLNq+NxHxDw+a5UkcljY8i/VGJ/1g/miTuoULXCcPR6KtuEETpOnP4tGgyxkQcjCuuqOtJmkNnFxgg8nPA==",
      "requires": {
        "@mangar2/callbacks": "^1.1.0",
        "@mangar2/errorlog": "^1.0.2",
        "@mangar2/retry": "^1.0.0",
        "@mangar2/types": "^1.3.0"
      }
    },
    "fs": {
      "version": "0.0.1-security",
      "resolved": "https://registry.npmjs.org/fs/-/fs-0.0.1-security.tgz",
      "integrity": "sha1-invTcYa23d84E/I4WLV+yq9eQdQ="
    }
  }
}
